
Microsoft Visual Studio Solution File, Format Version 12.00
# Visual Studio Version 17
VisualStudioVersion = 17.0.31903.59
MinimumVisualStudioVersion = 10.0.40219.1
Project("{2150E333-8FDC-42A3-9474-1A3956D46DE8}") = "src", "src", "{827E0CD3-B72D-47B6-A68D-7590B98EB39B}"
EndProject
Project("{FAE04EC0-301F-11D3-BF4B-00C04F79EFBC}") = "Domain", "src\Domain\Domain.csproj", "{47B8B629-783D-4127-A663-E49F55F965B8}"
EndProject
Project("{FAE04EC0-301F-11D3-BF4B-00C04F79EFBC}") = "Application", "src\Application\Application.csproj", "{AB9E7675-8F51-401F-BF51-7E6CBB398F12}"
EndProject
Project("{FAE04EC0-301F-11D3-BF4B-00C04F79EFBC}") = "Infrastructure", "src\Infrastructure\Infrastructure.csproj", "{ECE3825A-524F-41FF-9299-C9C965A4F017}"
EndProject
Project("{FAE04EC0-301F-11D3-BF4B-00C04F79EFBC}") = "WebApiHost", "src\WebApiHost\WebApiHost.csproj", "{13D88412-D86B-409B-BEC1-02C87C9DF606}"
EndProject
Global
	GlobalSection(SolutionConfigurationPlatforms) = preSolution
		Debug|Any CPU = Debug|Any CPU
		Debug|x64 = Debug|x64
		Debug|x86 = Debug|x86
		Release|Any CPU = Release|Any CPU
		Release|x64 = Release|x64
		Release|x86 = Release|x86
	EndGlobalSection
	GlobalSection(ProjectConfigurationPlatforms) = postSolution
		{47B8B629-783D-4127-A663-E49F55F965B8}.Debug|Any CPU.ActiveCfg = Debug|Any CPU
		{47B8B629-783D-4127-A663-E49F55F965B8}.Debug|Any CPU.Build.0 = Debug|Any CPU
		{47B8B629-783D-4127-A663-E49F55F965B8}.Debug|x64.ActiveCfg = Debug|Any CPU
		{47B8B629-783D-4127-A663-E49F55F965B8}.Debug|x64.Build.0 = Debug|Any CPU
		{47B8B629-783D-4127-A663-E49F55F965B8}.Debug|x86.ActiveCfg = Debug|Any CPU
		{47B8B629-783D-4127-A663-E49F55F965B8}.Debug|x86.Build.0 = Debug|Any CPU
		{47B8B629-783D-4127-A663-E49F55F965B8}.Release|Any CPU.ActiveCfg = Release|Any CPU
		{47B8B629-783D-4127-A663-E49F55F965B8}.Release|Any CPU.Build.0 = Release|Any CPU
		{47B8B629-783D-4127-A663-E49F55F965B8}.Release|x64.ActiveCfg = Release|Any CPU
		{47B8B629-783D-4127-A663-E49F55F965B8}.Release|x64.Build.0 = Release|Any CPU
		{47B8B629-783D-4127-A663-E49F55F965B8}.Release|x86.ActiveCfg = Release|Any CPU
		{47B8B629-783D-4127-A663-E49F55F965B8}.Release|x86.Build.0 = Release|Any CPU
		{AB9E7675-8F51-401F-BF51-7E6CBB398F12}.Debug|Any CPU.ActiveCfg = Debug|Any CPU
		{AB9E7675-8F51-401F-BF51-7E6CBB398F12}.Debug|Any CPU.Build.0 = Debug|Any CPU
		{AB9E7675-8F51-401F-BF51-7E6CBB398F12}.Debug|x64.ActiveCfg = Debug|Any CPU
		{AB9E7675-8F51-401F-BF51-7E6CBB398F12}.Debug|x64.Build.0 = Debug|Any CPU
		{AB9E7675-8F51-401F-BF51-7E6CBB398F12}.Debug|x86.ActiveCfg = Debug|Any CPU
		{AB9E7675-8F51-401F-BF51-7E6CBB398F12}.Debug|x86.Build.0 = Debug|Any CPU
		{AB9E7675-8F51-401F-BF51-7E6CBB398F12}.Release|Any CPU.ActiveCfg = Release|Any CPU
		{AB9E7675-8F51-401F-BF51-7E6CBB398F12}.Release|Any CPU.Build.0 = Release|Any CPU
		{AB9E7675-8F51-401F-BF51-7E6CBB398F12}.Release|x64.ActiveCfg = Release|Any CPU
		{AB9E7675-8F51-401F-BF51-7E6CBB398F12}.Release|x64.Build.0 = Release|Any CPU
		{AB9E7675-8F51-401F-BF51-7E6CBB398F12}.Release|x86.ActiveCfg = Release|Any CPU
		{AB9E7675-8F51-401F-BF51-7E6CBB398F12}.Release|x86.Build.0 = Release|Any CPU
		{ECE3825A-524F-41FF-9299-C9C965A4F017}.Debug|Any CPU.ActiveCfg = Debug|Any CPU
		{ECE3825A-524F-41FF-9299-C9C965A4F017}.Debug|Any CPU.Build.0 = Debug|Any CPU
		{ECE3825A-524F-41FF-9299-C9C965A4F017}.Debug|x64.ActiveCfg = Debug|Any CPU
		{ECE3825A-524F-41FF-9299-C9C965A4F017}.Debug|x64.Build.0 = Debug|Any CPU
		{ECE3825A-524F-41FF-9299-C9C965A4F017}.Debug|x86.ActiveCfg = Debug|Any CPU
		{ECE3825A-524F-41FF-9299-C9C965A4F017}.Debug|x86.Build.0 = Debug|Any CPU
		{ECE3825A-524F-41FF-9299-C9C965A4F017}.Release|Any CPU.ActiveCfg = Release|Any CPU
		{ECE3825A-524F-41FF-9299-C9C965A4F017}.Release|Any CPU.Build.0 = Release|Any CPU
		{ECE3825A-524F-41FF-9299-C9C965A4F017}.Release|x64.ActiveCfg = Release|Any CPU
		{ECE3825A-524F-41FF-9299-C9C965A4F017}.Release|x64.Build.0 = Release|Any CPU
		{ECE3825A-524F-41FF-9299-C9C965A4F017}.Release|x86.ActiveCfg = Release|Any CPU
		{ECE3825A-524F-41FF-9299-C9C965A4F017}.Release|x86.Build.0 = Release|Any CPU
		{13D88412-D86B-409B-BEC1-02C87C9DF606}.Debug|Any CPU.ActiveCfg = Debug|Any CPU
		{13D88412-D86B-409B-BEC1-02C87C9DF606}.Debug|Any CPU.Build.0 = Debug|Any CPU
		{13D88412-D86B-409B-BEC1-02C87C9DF606}.Debug|x64.ActiveCfg = Debug|Any CPU
		{13D88412-D86B-409B-BEC1-02C87C9DF606}.Debug|x64.Build.0 = Debug|Any CPU
		{13D88412-D86B-409B-BEC1-02C87C9DF606}.Debug|x86.ActiveCfg = Debug|Any CPU
		{13D88412-D86B-409B-BEC1-02C87C9DF606}.Debug|x86.Build.0 = Debug|Any CPU
		{13D88412-D86B-409B-BEC1-02C87C9DF606}.Release|Any CPU.ActiveCfg = Release|Any CPU
		{13D88412-D86B-409B-BEC1-02C87C9DF606}.Release|Any CPU.Build.0 = Release|Any CPU
		{13D88412-D86B-409B-BEC1-02C87C9DF606}.Release|x64.ActiveCfg = Release|Any CPU
		{13D88412-D86B-409B-BEC1-02C87C9DF606}.Release|x64.Build.0 = Release|Any CPU
		{13D88412-D86B-409B-BEC1-02C87C9DF606}.Release|x86.ActiveCfg = Release|Any CPU
		{13D88412-D86B-409B-BEC1-02C87C9DF606}.Release|x86.Build.0 = Release|Any CPU
	EndGlobalSection
	GlobalSection(SolutionProperties) = preSolution
		HideSolutionNode = FALSE
	EndGlobalSection
	GlobalSection(NestedProjects) = preSolution
		{47B8B629-783D-4127-A663-E49F55F965B8} = {827E0CD3-B72D-47B6-A68D-7590B98EB39B}
		{AB9E7675-8F51-401F-BF51-7E6CBB398F12} = {827E0CD3-B72D-47B6-A68D-7590B98EB39B}
		{ECE3825A-524F-41FF-9299-C9C965A4F017} = {827E0CD3-B72D-47B6-A68D-7590B98EB39B}
		{13D88412-D86B-409B-BEC1-02C87C9DF606} = {827E0CD3-B72D-47B6-A68D-7590B98EB39B}
	EndGlobalSection
EndGlobal
